<?xml version="1.0" encoding="UTF-8" standalone="yes" ?>
<CodeBlocks_project_file>
	<FileVersion major="1" minor="6" />
	<Project>
		<Option title="ocland-server" />
		<Option pch_mode="2" />
		<Option compiler="gcc" />
		<Build>
			<Target title="Debug">
				<Option output="../bin/Debug/ocland_server" prefix_auto="1" extension_auto="1" />
				<Option working_dir="../" />
				<Option object_output="obj/Debug/server/" />
				<Option type="1" />
				<Option compiler="gcc" />
				<Option parameters="--log-file ocland.log" />
				<Compiler>
					<Add option="-g" />
					<Add directory="../include" />
				</Compiler>
				<Linker>
					<Add library="OpenCL" />
					<Add library="pthread" />
					<Add library="zlib" />
				</Linker>
			</Target>
			<Target title="Release">
				<Option output="../bin/Release/ocland_server" prefix_auto="1" extension_auto="1" />
				<Option working_dir="../" />
				<Option object_output="obj/Release/server/" />
				<Option type="1" />
				<Option compiler="gcc" />
				<Option parameters="--log-file ocland.log" />
				<Compiler>
					<Add option="-O2" />
					<Add directory="../include" />
				</Compiler>
				<Linker>
					<Add option="-s" />
					<Add library="OpenCL" />
					<Add library="pthread" />
					<Add library="zlib" />
				</Linker>
			</Target>
		</Build>
		<Compiler>
			<Add option="-Wall" />
			<Add option="-DOCLAND_LOG_VERBOSE" />
		</Compiler>
		<Unit filename="../include/ocland/common/dataExchange.h" />
		<Unit filename="../include/ocland/common/dataPack.h" />
		<Unit filename="../include/ocland/common/downloadStream.h" />
		<Unit filename="../include/ocland/common/sockets.h" />
		<Unit filename="../include/ocland/common/uploadStream.h" />
		<Unit filename="../include/ocland/common/usleep.h" />
		<Unit filename="../include/ocland/server/dispatcher.h" />
		<Unit filename="../include/ocland/server/log.h" />
		<Unit filename="../include/ocland/server/ocland_cl.h" />
		<Unit filename="../include/ocland/server/ocland_context.h" />
		<Unit filename="../include/ocland/server/ocland_event.h" />
		<Unit filename="../include/ocland/server/ocland_mem.h" />
		<Unit filename="../include/ocland/server/ocland_version.h" />
		<Unit filename="../include/ocland/server/validator.h" />
		<Unit filename="../src/common/dataExchange.c">
			<Option compilerVar="CC" />
		</Unit>
		<Unit filename="../src/common/dataPack.c">
			<Option compilerVar="CC" />
		</Unit>
		<Unit filename="../src/common/downloadStream.c">
			<Option compilerVar="CC" />
		</Unit>
		<Unit filename="../src/common/uploadStream.c">
			<Option compilerVar="CC" />
		</Unit>
		<Unit filename="../src/server/dispatcher.c">
			<Option compilerVar="CC" />
		</Unit>
		<Unit filename="../src/server/log.c">
			<Option compilerVar="CC" />
		</Unit>
		<Unit filename="../src/server/ocland.c">
			<Option compilerVar="CC" />
		</Unit>
		<Unit filename="../src/server/ocland_cl.c">
			<Option compilerVar="CC" />
		</Unit>
		<Unit filename="../src/server/ocland_context.c">
			<Option compilerVar="CC" />
		</Unit>
		<Unit filename="../src/server/ocland_event.c">
			<Option compilerVar="CC" />
		</Unit>
		<Unit filename="../src/server/ocland_mem.c">
			<Option compilerVar="CC" />
		</Unit>
		<Unit filename="../src/server/ocland_version.c">
			<Option compilerVar="CC" />
		</Unit>
		<Unit filename="../src/server/validator.c">
			<Option compilerVar="CC" />
		</Unit>
		<Extensions>
			<code_completion />
			<envvars />
			<debugger />
			<DoxyBlocks>
				<comment_style block="0" line="0" />
				<doxyfile_project />
				<doxyfile_build />
				<doxyfile_warnings />
				<doxyfile_output />
				<doxyfile_dot />
				<general />
			</DoxyBlocks>
		</Extensions>
	</Project>
</CodeBlocks_project_file>
